
Microsoft Visual Studio Solution File, Format Version 12.00
# Visual Studio Version 16
VisualStudioVersion = 16.0.29001.49
MinimumVisualStudioVersion = 10.0.40219.1
Project("{FAE04EC0-301F-11D3-BF4B-00C04F79EFBC}") = "ComicBookGalleryModel", "ComicBookGalleryModel\ComicBookGalleryModel.csproj", "{8B4658A9-AAAE-467F-80F0-3B09F7D54B49}"
EndProject
Global
	GlobalSection(SolutionConfigurationPlatforms) = preSolution
		Debug|Any CPU = Debug|Any CPU
		Release|Any CPU = Release|Any CPU
	EndGlobalSection
	GlobalSection(ProjectConfigurationPlatforms) = postSolution
		{8B4658A9-AAAE-467F-80F0-3B09F7D54B49}.Debug|Any CPU.ActiveCfg = Debug|Any CPU
		{8B4658A9-AAAE-467F-80F0-3B09F7D54B49}.Debug|Any CPU.Build.0 = Debug|Any CPU
		{8B4658A9-AAAE-467F-80F0-3B09F7D54B49}.Release|Any CPU.ActiveCfg = Release|Any CPU
		{8B4658A9-AAAE-467F-80F0-3B09F7D54B49}.Release|Any CPU.Build.0 = Release|Any CPU
	EndGlobalSection
	GlobalSection(SolutionProperties) = preSolution
		HideSolutionNode = FALSE
	EndGlobalSection
	GlobalSection(ExtensibilityGlobals) = postSolution
		SolutionGuid = {20F2225F-3143-4375-A310-C50C93FA9F54}
	EndGlobalSection
EndGlobal
